{
  "name": "bustracker",
  "version": "1.0.0",
  "lockfileVersion": 1,
  "requires": true,
  "dependencies": {
    "@interactjs/actions": {
      "version": "1.6.2",
      "resolved": "https://registry.npmjs.org/@interactjs/actions/-/actions-1.6.2.tgz",
      "integrity": "sha512-w9YABLT5E5WBnMX2h496Z5QhfqwU1mDLa5f2yHM3GkLDHBbunxCy1jfGNwY3W6pzNfJO3PzC7fdzvaVZ5fbaqw=="
    },
    "@interactjs/auto-scroll": {
      "version": "1.6.2",
      "resolved": "https://registry.npmjs.org/@interactjs/auto-scroll/-/auto-scroll-1.6.2.tgz",
      "integrity": "sha512-q8O4PNbt1elPMhS/hsjabMEv7YUzioEq1Pu4MOT16QiqPyUMJ9lOBiI2yvHr0uPrLsyn+w2+uffQBB9eNsZrJA=="
    },
    "@interactjs/auto-start": {
      "version": "1.6.2",
      "resolved": "https://registry.npmjs.org/@interactjs/auto-start/-/auto-start-1.6.2.tgz",
      "integrity": "sha512-8Zc96LZOFofpchr3Gk9JnQ8Ino+k+Y9I/G3GkPl/syIIUcAlO3GKjwqeZQG6tQnUnzotgtLnbfBuw4saBNeiow=="
    },
    "@interactjs/core": {
      "version": "1.6.2",
      "resolved": "https://registry.npmjs.org/@interactjs/core/-/core-1.6.2.tgz",
      "integrity": "sha512-GfhWgMP7qdD7yOhNFGol8sbVlFQFA/IdaBLMm3VJMdSdjj7Dm9aoW/MZJpCnPZAzX5n0PFnu9XCehmCbG8y4Tw=="
    },
    "@interactjs/dev-tools": {
      "version": "1.6.2",
      "resolved": "https://registry.npmjs.org/@interactjs/dev-tools/-/dev-tools-1.6.2.tgz",
      "integrity": "sha512-peAVTxQ6AE6msEBviFHVIgQzazxOAPCPmRXgSDSJf3Ot1CW09ZCQ7jtJyieeASvOFrhrxbjqKKsW68AjdbC13g==",
      "requires": {
        "@interactjs/utils": "1.6.2"
      }
    },
    "@interactjs/inertia": {
      "version": "1.6.2",
      "resolved": "https://registry.npmjs.org/@interactjs/inertia/-/inertia-1.6.2.tgz",
      "integrity": "sha512-7/i0ov5wHsZqrfwzFJXQETbAlOEH99PSjtKnTpQP8kM7g5xYp4qpitkx0vnzwK/OJBY8rFs1wCa0DNaDFVoWWw=="
    },
    "@interactjs/interact": {
      "version": "1.6.2",
      "resolved": "https://registry.npmjs.org/@interactjs/interact/-/interact-1.6.2.tgz",
      "integrity": "sha512-1fNsEjaa+ygYC9q9NazZWahUwFq8oj9COapNDcytr/UwY6qzjmp9o2rOGgwTQ38J+UNfkcrEAxnB+q9Fkk6aDw=="
    },
    "@interactjs/modifiers": {
      "version": "1.6.2",
      "resolved": "https://registry.npmjs.org/@interactjs/modifiers/-/modifiers-1.6.2.tgz",
      "integrity": "sha512-AHR/rDFNURX4RnjrL00XvbQ1VIwf0HutKpc9qqmeYP2Sk1Kzv/Fp6BPsbY2CqUS30wxaBrnEMWYP9qIKPy2ElQ=="
    },
    "@interactjs/pointer-events": {
      "version": "1.6.2",
      "resolved": "https://registry.npmjs.org/@interactjs/pointer-events/-/pointer-events-1.6.2.tgz",
      "integrity": "sha512-Y9Qfk33PQ1ZIPLQpVOKW7hbELilUuNyP9Y9bZCzPvEr1aWPwSiL3R9NCyCekE4dpwV+sQ7J1uVccPFoJpAw6ug=="
    },
    "@interactjs/reflow": {
      "version": "1.6.2",
      "resolved": "https://registry.npmjs.org/@interactjs/reflow/-/reflow-1.6.2.tgz",
      "integrity": "sha512-hbYk7qHruy7rsHdLTh9FvE0O16Q75D6POlo+NeuVpjCoYI2GxKPsmZQA7CxSgGg+Akqz72hOeBihFtvtwMxcXg=="
    },
    "@interactjs/types": {
      "version": "1.6.2",
      "resolved": "https://registry.npmjs.org/@interactjs/types/-/types-1.6.2.tgz",
      "integrity": "sha512-3m+LGbiLp7qYncojhwoBmQP4Aap3YBb526aX/vJtg5rqNeTXd4KfWl6+5VdTawwZAZSptYDes/z6S1uH1pXpSQ==",
      "requires": {
        "@interactjs/actions": "1.6.2",
        "@interactjs/auto-scroll": "1.6.2",
        "@interactjs/auto-start": "1.6.2",
        "@interactjs/core": "1.6.2",
        "@interactjs/dev-tools": "1.6.2",
        "@interactjs/inertia": "1.6.2",
        "@interactjs/interact": "1.6.2",
        "@interactjs/modifiers": "1.6.2",
        "@interactjs/pointer-events": "1.6.2",
        "@interactjs/reflow": "1.6.2",
        "@interactjs/utils": "1.6.2"
      }
    },
    "@interactjs/utils": {
      "version": "1.6.2",
      "resolved": "https://registry.npmjs.org/@interactjs/utils/-/utils-1.6.2.tgz",
      "integrity": "sha512-VXHN1vP2H18DOjcl5WPHbr1FzAfwIf4gv3Y3jqReYpEwH8RVn/NdW/0FF2Of/WZM07697rkN5wVPFWNAvo4zZw=="
    },
    "interactjs": {
      "version": "1.6.2",
      "resolved": "https://registry.npmjs.org/interactjs/-/interactjs-1.6.2.tgz",
      "integrity": "sha512-JC0RV8eTrPltXI8Ld6p3BPy3Wi4piSPSJsd1D8Md8bAW8Wcyn2pnBrcC0jaPk/s/0SXzOWL4Jr1ZuurnSHbfUQ==",
      "requires": {
        "@interactjs/types": "1.6.2"
      }
    }
  }
}
